
Microsoft Visual Studio Solution File, Format Version 12.00
# Visual Studio Version 17
VisualStudioVersion = 17.0.32112.339
MinimumVisualStudioVersion = 10.0.40219.1
Project("{FAE04EC0-301F-11D3-BF4B-00C04F79EFBC}") = "Application3", "Application3\Application3.csproj", "{E99E84A9-415B-4576-B127-672E14F6D2D6}"
EndProject
Global
	GlobalSection(SolutionConfigurationPlatforms) = preSolution
		Debug|Any CPU = Debug|Any CPU
		Release|Any CPU = Release|Any CPU
	EndGlobalSection
	GlobalSection(ProjectConfigurationPlatforms) = postSolution
		{E99E84A9-415B-4576-B127-672E14F6D2D6}.Debug|Any CPU.ActiveCfg = Debug|Any CPU
		{E99E84A9-415B-4576-B127-672E14F6D2D6}.Debug|Any CPU.Build.0 = Debug|Any CPU
		{E99E84A9-415B-4576-B127-672E14F6D2D6}.Release|Any CPU.ActiveCfg = Release|Any CPU
		{E99E84A9-415B-4576-B127-672E14F6D2D6}.Release|Any CPU.Build.0 = Release|Any CPU
	EndGlobalSection
	GlobalSection(SolutionProperties) = preSolution
		HideSolutionNode = FALSE
	EndGlobalSection
	GlobalSection(ExtensibilityGlobals) = postSolution
		SolutionGuid = {4CF5F340-B66D-4FD7-9FEE-DFC198F347BD}
	EndGlobalSection
EndGlobal
